
Microsoft Visual Studio Solution File, Format Version 12.00
# Visual Studio Version 17
VisualStudioVersion = 17.4.33205.214
MinimumVisualStudioVersion = 10.0.40219.1
Project("{FAE04EC0-301F-11D3-BF4B-00C04F79EFBC}") = "HangfireApi", "HangfireApi\HangfireApi.csproj", "{F1C9FDCF-F1C1-4AFD-A0C6-6DCBD7F2FCA8}"
EndProject
Global
	GlobalSection(SolutionConfigurationPlatforms) = preSolution
		Debug|Any CPU = Debug|Any CPU
		Release|Any CPU = Release|Any CPU
	EndGlobalSection
	GlobalSection(ProjectConfigurationPlatforms) = postSolution
		{F1C9FDCF-F1C1-4AFD-A0C6-6DCBD7F2FCA8}.Debug|Any CPU.ActiveCfg = Debug|Any CPU
		{F1C9FDCF-F1C1-4AFD-A0C6-6DCBD7F2FCA8}.Debug|Any CPU.Build.0 = Debug|Any CPU
		{F1C9FDCF-F1C1-4AFD-A0C6-6DCBD7F2FCA8}.Release|Any CPU.ActiveCfg = Release|Any CPU
		{F1C9FDCF-F1C1-4AFD-A0C6-6DCBD7F2FCA8}.Release|Any CPU.Build.0 = Release|Any CPU
	EndGlobalSection
	GlobalSection(SolutionProperties) = preSolution
		HideSolutionNode = FALSE
	EndGlobalSection
	GlobalSection(ExtensibilityGlobals) = postSolution
		SolutionGuid = {56DD0233-C117-467B-9F36-04142B79C3D7}
	EndGlobalSection
EndGlobal
